// !$*UTF8*$!
{
	archiveVersion = 1;
	classes = {
	};
	objectVersion = 55;
	objects = {

/* Begin PBXBuildFile section */
		056187542A5D1D1F004F3179 /* GameSettings.swift in Sources */ = {isa = PBXBuildFile; fileRef = 056187532A5D1D1F004F3179 /* GameSettings.swift */; };
		056187562A5D1D62004F3179 /* Profile.swift in Sources */ = {isa = PBXBuildFile; fileRef = 056187552A5D1D61004F3179 /* Profile.swift */; };
		056187582A5D23D7004F3179 /* LabelNode.swift in Sources */ = {isa = PBXBuildFile; fileRef = 056187572A5D23D7004F3179 /* LabelNode.swift */; };
		0561875B2A5D28A6004F3179 /* papercut.ttf in Resources */ = {isa = PBXBuildFile; fileRef = 0561875A2A5D28A6004F3179 /* papercut.ttf */; };
		0561875E2A5D3975004F3179 /* EntranceVC.swift in Sources */ = {isa = PBXBuildFile; fileRef = 0561875D2A5D3975004F3179 /* EntranceVC.swift */; };
		056187612A5D3EF9004F3179 /* EntranceViewModel.swift in Sources */ = {isa = PBXBuildFile; fileRef = 056187602A5D3EF9004F3179 /* EntranceViewModel.swift */; };
		056187642A5D4097004F3179 /* EntranceTableViewCell.swift in Sources */ = {isa = PBXBuildFile; fileRef = 056187632A5D4097004F3179 /* EntranceTableViewCell.swift */; };
		056187662A5D508F004F3179 /* pixelcyr_normal.ttf in Resources */ = {isa = PBXBuildFile; fileRef = 056187652A5D508F004F3179 /* pixelcyr_normal.ttf */; };
		056187682A5D54BB004F3179 /* EntranceTableViewCellADD.swift in Sources */ = {isa = PBXBuildFile; fileRef = 056187672A5D54BB004F3179 /* EntranceTableViewCellADD.swift */; };
		0561876C2A5D588D004F3179 /* AddVC.swift in Sources */ = {isa = PBXBuildFile; fileRef = 0561876B2A5D588D004F3179 /* AddVC.swift */; };
		0561876E2A5D626B004F3179 /* AddVCViewModel.swift in Sources */ = {isa = PBXBuildFile; fileRef = 0561876D2A5D626B004F3179 /* AddVCViewModel.swift */; };
		05A0093A2A597E38003EB4B4 /* Enemy.swift in Sources */ = {isa = PBXBuildFile; fileRef = 05A009392A597E37003EB4B4 /* Enemy.swift */; };
		05A0093C2A597F91003EB4B4 /* EnemyType.swift in Sources */ = {isa = PBXBuildFile; fileRef = 05A0093B2A597F91003EB4B4 /* EnemyType.swift */; };
		05A0093E2A598F0B003EB4B4 /* Player.swift in Sources */ = {isa = PBXBuildFile; fileRef = 05A0093D2A598F0B003EB4B4 /* Player.swift */; };
		05A009402A5C26AB003EB4B4 /* PlayerRocket.swift in Sources */ = {isa = PBXBuildFile; fileRef = 05A0093F2A5C26AB003EB4B4 /* PlayerRocket.swift */; };
		05A009432A5C2D0C003EB4B4 /* Explosion.sks in Resources */ = {isa = PBXBuildFile; fileRef = 05A009412A5C2D0C003EB4B4 /* Explosion.sks */; };
		05A009442A5C2D0C003EB4B4 /* Assets.xcassets in Resources */ = {isa = PBXBuildFile; fileRef = 05A009422A5C2D0C003EB4B4 /* Assets.xcassets */; };
		05EC01392A4D8129008393DB /* AppDelegate.swift in Sources */ = {isa = PBXBuildFile; fileRef = 05EC01382A4D8129008393DB /* AppDelegate.swift */; };
		05EC013B2A4D8129008393DB /* GameScene.sks in Resources */ = {isa = PBXBuildFile; fileRef = 05EC013A2A4D8129008393DB /* GameScene.sks */; };
		05EC013D2A4D8129008393DB /* Actions.sks in Resources */ = {isa = PBXBuildFile; fileRef = 05EC013C2A4D8129008393DB /* Actions.sks */; };
		05EC013F2A4D8129008393DB /* GameScene.swift in Sources */ = {isa = PBXBuildFile; fileRef = 05EC013E2A4D8129008393DB /* GameScene.swift */; };
		05EC01412A4D8129008393DB /* GameViewController.swift in Sources */ = {isa = PBXBuildFile; fileRef = 05EC01402A4D8129008393DB /* GameViewController.swift */; };
		05EC01442A4D8129008393DB /* Main.storyboard in Resources */ = {isa = PBXBuildFile; fileRef = 05EC01422A4D8129008393DB /* Main.storyboard */; };
		05EC01462A4D812C008393DB /* Assets.xcassets in Resources */ = {isa = PBXBuildFile; fileRef = 05EC01452A4D812C008393DB /* Assets.xcassets */; };
		05EC01492A4D812C008393DB /* LaunchScreen.storyboard in Resources */ = {isa = PBXBuildFile; fileRef = 05EC01472A4D812C008393DB /* LaunchScreen.storyboard */; };
		05EC01512A4D8517008393DB /* Constants.swift in Sources */ = {isa = PBXBuildFile; fileRef = 05EC01502A4D8517008393DB /* Constants.swift */; };
		05EC01532A4D8527008393DB /* Images.xcassets in Resources */ = {isa = PBXBuildFile; fileRef = 05EC01522A4D8527008393DB /* Images.xcassets */; };
		1C82A91A680974ED5EBFCC6D /* Pods_FlyingShip.framework in Frameworks */ = {isa = PBXBuildFile; fileRef = BB12EDDF89921CA09B65BFEE /* Pods_FlyingShip.framework */; };
/* End PBXBuildFile section */

/* Begin PBXFileReference section */
		056187532A5D1D1F004F3179 /* GameSettings.swift */ = {isa = PBXFileReference; lastKnownFileType = sourcecode.swift; path = GameSettings.swift; sourceTree = "<group>"; };
		056187552A5D1D61004F3179 /* Profile.swift */ = {isa = PBXFileReference; lastKnownFileType = sourcecode.swift; path = Profile.swift; sourceTree = "<group>"; };
		056187572A5D23D7004F3179 /* LabelNode.swift */ = {isa = PBXFileReference; lastKnownFileType = sourcecode.swift; path = LabelNode.swift; sourceTree = "<group>"; };
		0561875A2A5D28A6004F3179 /* papercut.ttf */ = {isa = PBXFileReference; lastKnownFileType = file; path = papercut.ttf; sourceTree = "<group>"; };
		0561875C2A5D29F4004F3179 /* Info.plist */ = {isa = PBXFileReference; lastKnownFileType = text.plist; path = Info.plist; sourceTree = "<group>"; };
		0561875D2A5D3975004F3179 /* EntranceVC.swift */ = {isa = PBXFileReference; lastKnownFileType = sourcecode.swift; path = EntranceVC.swift; sourceTree = "<group>"; };
		056187602A5D3EF9004F3179 /* EntranceViewModel.swift */ = {isa = PBXFileReference; lastKnownFileType = sourcecode.swift; path = EntranceViewModel.swift; sourceTree = "<group>"; };
		056187632A5D4097004F3179 /* EntranceTableViewCell.swift */ = {isa = PBXFileReference; lastKnownFileType = sourcecode.swift; path = EntranceTableViewCell.swift; sourceTree = "<group>"; };
		056187652A5D508F004F3179 /* pixelcyr_normal.ttf */ = {isa = PBXFileReference; lastKnownFileType = file; path = pixelcyr_normal.ttf; sourceTree = "<group>"; };
		056187672A5D54BB004F3179 /* EntranceTableViewCellADD.swift */ = {isa = PBXFileReference; lastKnownFileType = sourcecode.swift; path = EntranceTableViewCellADD.swift; sourceTree = "<group>"; };
		0561876B2A5D588D004F3179 /* AddVC.swift */ = {isa = PBXFileReference; lastKnownFileType = sourcecode.swift; path = AddVC.swift; sourceTree = "<group>"; };
		0561876D2A5D626B004F3179 /* AddVCViewModel.swift */ = {isa = PBXFileReference; lastKnownFileType = sourcecode.swift; path = AddVCViewModel.swift; sourceTree = "<group>"; };
		05A009392A597E37003EB4B4 /* Enemy.swift */ = {isa = PBXFileReference; lastKnownFileType = sourcecode.swift; path = Enemy.swift; sourceTree = "<group>"; };
		05A0093B2A597F91003EB4B4 /* EnemyType.swift */ = {isa = PBXFileReference; lastKnownFileType = sourcecode.swift; path = EnemyType.swift; sourceTree = "<group>"; };
		05A0093D2A598F0B003EB4B4 /* Player.swift */ = {isa = PBXFileReference; lastKnownFileType = sourcecode.swift; path = Player.swift; sourceTree = "<group>"; };
		05A0093F2A5C26AB003EB4B4 /* PlayerRocket.swift */ = {isa = PBXFileReference; lastKnownFileType = sourcecode.swift; path = PlayerRocket.swift; sourceTree = "<group>"; };
		05A009412A5C2D0C003EB4B4 /* Explosion.sks */ = {isa = PBXFileReference; lastKnownFileType = file.sks; path = Explosion.sks; sourceTree = "<group>"; };
		05A009422A5C2D0C003EB4B4 /* Assets.xcassets */ = {isa = PBXFileReference; lastKnownFileType = folder.assetcatalog; path = Assets.xcassets; sourceTree = "<group>"; };
		05EC01352A4D8129008393DB /* FlyingShip.app */ = {isa = PBXFileReference; explicitFileType = wrapper.application; includeInIndex = 0; path = FlyingShip.app; sourceTree = BUILT_PRODUCTS_DIR; };
		05EC01382A4D8129008393DB /* AppDelegate.swift */ = {isa = PBXFileReference; lastKnownFileType = sourcecode.swift; path = AppDelegate.swift; sourceTree = "<group>"; };
		05EC013A2A4D8129008393DB /* GameScene.sks */ = {isa = PBXFileReference; lastKnownFileType = file.sks; path = GameScene.sks; sourceTree = "<group>"; };
		05EC013C2A4D8129008393DB /* Actions.sks */ = {isa = PBXFileReference; lastKnownFileType = file.sks; path = Actions.sks; sourceTree = "<group>"; };
		05EC013E2A4D8129008393DB /* GameScene.swift */ = {isa = PBXFileReference; lastKnownFileType = sourcecode.swift; path = GameScene.swift; sourceTree = "<group>"; };
		05EC01402A4D8129008393DB /* GameViewController.swift */ = {isa = PBXFileReference; lastKnownFileType = sourcecode.swift; path = GameViewController.swift; sourceTree = "<group>"; };
		05EC01432A4D8129008393DB /* Base */ = {isa = PBXFileReference; lastKnownFileType = file.storyboard; name = Base; path = Base.lproj/Main.storyboard; sourceTree = "<group>"; };
		05EC01452A4D812C008393DB /* Assets.xcassets */ = {isa = PBXFileReference; lastKnownFileType = folder.assetcatalog; path = Assets.xcassets; sourceTree = "<group>"; };
		05EC01482A4D812C008393DB /* Base */ = {isa = PBXFileReference; lastKnownFileType = file.storyboard; name = Base; path = Base.lproj/LaunchScreen.storyboard; sourceTree = "<group>"; };
		05EC01502A4D8517008393DB /* Constants.swift */ = {isa = PBXFileReference; lastKnownFileType = sourcecode.swift; path = Constants.swift; sourceTree = "<group>"; };
		05EC01522A4D8527008393DB /* Images.xcassets */ = {isa = PBXFileReference; lastKnownFileType = folder.assetcatalog; path = Images.xcassets; sourceTree = "<group>"; };
		17D3283BA192915E267B7E38 /* Pods-FlyingShip.release.xcconfig */ = {isa = PBXFileReference; includeInIndex = 1; lastKnownFileType = text.xcconfig; name = "Pods-FlyingShip.release.xcconfig"; path = "Target Support Files/Pods-FlyingShip/Pods-FlyingShip.release.xcconfig"; sourceTree = "<group>"; };
		67F0E47F7B2850DFF8B0FAE7 /* Pods-FlyingShip.debug.xcconfig */ = {isa = PBXFileReference; includeInIndex = 1; lastKnownFileType = text.xcconfig; name = "Pods-FlyingShip.debug.xcconfig"; path = "Target Support Files/Pods-FlyingShip/Pods-FlyingShip.debug.xcconfig"; sourceTree = "<group>"; };
		BB12EDDF89921CA09B65BFEE /* Pods_FlyingShip.framework */ = {isa = PBXFileReference; explicitFileType = wrapper.framework; includeInIndex = 0; path = Pods_FlyingShip.framework; sourceTree = BUILT_PRODUCTS_DIR; };
/* End PBXFileReference section */

/* Begin PBXFrameworksBuildPhase section */
		05EC01322A4D8129008393DB /* Frameworks */ = {
			isa = PBXFrameworksBuildPhase;
			buildActionMask = 2147483647;
			files = (
				1C82A91A680974ED5EBFCC6D /* Pods_FlyingShip.framework in Frameworks */,
			);
			runOnlyForDeploymentPostprocessing = 0;
		};
/* End PBXFrameworksBuildPhase section */

/* Begin PBXGroup section */
		056187522A5D1D0E004F3179 /* Models */ = {
			isa = PBXGroup;
			children = (
				056187532A5D1D1F004F3179 /* GameSettings.swift */,
				056187552A5D1D61004F3179 /* Profile.swift */,
			);
			path = Models;
			sourceTree = "<group>";
		};
		056187592A5D2852004F3179 /* Font */ = {
			isa = PBXGroup;
			children = (
				056187652A5D508F004F3179 /* pixelcyr_normal.ttf */,
				0561875A2A5D28A6004F3179 /* papercut.ttf */,
			);
			path = Font;
			sourceTree = "<group>";
		};
		0561875F2A5D3EE4004F3179 /* EntranceVC */ = {
			isa = PBXGroup;
			children = (
				056187622A5D4079004F3179 /* TableViewCell */,
				0561875D2A5D3975004F3179 /* EntranceVC.swift */,
				056187602A5D3EF9004F3179 /* EntranceViewModel.swift */,
			);
			path = EntranceVC;
			sourceTree = "<group>";
		};
		056187622A5D4079004F3179 /* TableViewCell */ = {
			isa = PBXGroup;
			children = (
				056187632A5D4097004F3179 /* EntranceTableViewCell.swift */,
				056187672A5D54BB004F3179 /* EntranceTableViewCellADD.swift */,
			);
			path = TableViewCell;
			sourceTree = "<group>";
		};
		056187692A5D5875004F3179 /* GameVC */ = {
			isa = PBXGroup;
			children = (
			);
			path = GameVC;
			sourceTree = "<group>";
		};
		0561876A2A5D587E004F3179 /* AddVC */ = {
			isa = PBXGroup;
			children = (
				0561876B2A5D588D004F3179 /* AddVC.swift */,
				0561876D2A5D626B004F3179 /* AddVCViewModel.swift */,
			);
			path = AddVC;
			sourceTree = "<group>";
		};
		05A009342A583261003EB4B4 /* Actions */ = {
			isa = PBXGroup;
			children = (
				05EC013C2A4D8129008393DB /* Actions.sks */,
				05A009412A5C2D0C003EB4B4 /* Explosion.sks */,
				05A009422A5C2D0C003EB4B4 /* Assets.xcassets */,
			);
			path = Actions;
			sourceTree = "<group>";
		};
		05A009352A583269003EB4B4 /* VC's */ = {
			isa = PBXGroup;
			children = (
				05A009382A597E21003EB4B4 /* Nodes */,
				05A009372A583283003EB4B4 /* ViewControllers */,
				05A009362A58327B003EB4B4 /* GameScenes */,
			);
			path = "VC's";
			sourceTree = "<group>";
		};
		05A009362A58327B003EB4B4 /* GameScenes */ = {
			isa = PBXGroup;
			children = (
				05EC013E2A4D8129008393DB /* GameScene.swift */,
				05EC013A2A4D8129008393DB /* GameScene.sks */,
			);
			path = GameScenes;
			sourceTree = "<group>";
		};
		05A009372A583283003EB4B4 /* ViewControllers */ = {
			isa = PBXGroup;
			children = (
				0561876A2A5D587E004F3179 /* AddVC */,
				056187692A5D5875004F3179 /* GameVC */,
				0561875F2A5D3EE4004F3179 /* EntranceVC */,
				05EC01402A4D8129008393DB /* GameViewController.swift */,
			);
			path = ViewControllers;
			sourceTree = "<group>";
		};
		05A009382A597E21003EB4B4 /* Nodes */ = {
			isa = PBXGroup;
			children = (
				05A009392A597E37003EB4B4 /* Enemy.swift */,
				05A0093B2A597F91003EB4B4 /* EnemyType.swift */,
				05A0093D2A598F0B003EB4B4 /* Player.swift */,
				05A0093F2A5C26AB003EB4B4 /* PlayerRocket.swift */,
				056187572A5D23D7004F3179 /* LabelNode.swift */,
			);
			path = Nodes;
			sourceTree = "<group>";
		};
		05EC012C2A4D8129008393DB = {
			isa = PBXGroup;
			children = (
				05EC01372A4D8129008393DB /* FlyingShip */,
				05EC01362A4D8129008393DB /* Products */,
				67E9C7046B1F64E4C64FA0C9 /* Pods */,
				683191ECBB772315326B32D1 /* Frameworks */,
			);
			sourceTree = "<group>";
		};
		05EC01362A4D8129008393DB /* Products */ = {
			isa = PBXGroup;
			children = (
				05EC01352A4D8129008393DB /* FlyingShip.app */,
			);
			name = Products;
			sourceTree = "<group>";
		};
		05EC01372A4D8129008393DB /* FlyingShip */ = {
			isa = PBXGroup;
			children = (
				0561875C2A5D29F4004F3179 /* Info.plist */,
				056187522A5D1D0E004F3179 /* Models */,
				05A009352A583269003EB4B4 /* VC's */,
				05A009342A583261003EB4B4 /* Actions */,
				05EC014F2A4D8501008393DB /* Assets */,
				05EC01382A4D8129008393DB /* AppDelegate.swift */,
				05EC01422A4D8129008393DB /* Main.storyboard */,
				05EC01452A4D812C008393DB /* Assets.xcassets */,
				05EC01472A4D812C008393DB /* LaunchScreen.storyboard */,
			);
			path = FlyingShip;
			sourceTree = "<group>";
		};
		05EC014F2A4D8501008393DB /* Assets */ = {
			isa = PBXGroup;
			children = (
				056187592A5D2852004F3179 /* Font */,
				05EC01502A4D8517008393DB /* Constants.swift */,
				05EC01522A4D8527008393DB /* Images.xcassets */,
			);
			path = Assets;
			sourceTree = "<group>";
		};
		67E9C7046B1F64E4C64FA0C9 /* Pods */ = {
			isa = PBXGroup;
			children = (
				67F0E47F7B2850DFF8B0FAE7 /* Pods-FlyingShip.debug.xcconfig */,
				17D3283BA192915E267B7E38 /* Pods-FlyingShip.release.xcconfig */,
			);
			path = Pods;
			sourceTree = "<group>";
		};
		683191ECBB772315326B32D1 /* Frameworks */ = {
			isa = PBXGroup;
			children = (
				BB12EDDF89921CA09B65BFEE /* Pods_FlyingShip.framework */,
			);
			name = Frameworks;
			sourceTree = "<group>";
		};
/* End PBXGroup section */

/* Begin PBXNativeTarget section */
		05EC01342A4D8129008393DB /* FlyingShip */ = {
			isa = PBXNativeTarget;
			buildConfigurationList = 05EC014C2A4D812C008393DB /* Build configuration list for PBXNativeTarget "FlyingShip" */;
			buildPhases = (
				E56E1E7C725E50211FF72223 /* [CP] Check Pods Manifest.lock */,
				05EC01312A4D8129008393DB /* Sources */,
				05EC01322A4D8129008393DB /* Frameworks */,
				05EC01332A4D8129008393DB /* Resources */,
				29EB44F98CF5359EDDEF6802 /* [CP] Embed Pods Frameworks */,
			);
			buildRules = (
			);
			dependencies = (
			);
			name = FlyingShip;
			productName = FlyingShip;
			productReference = 05EC01352A4D8129008393DB /* FlyingShip.app */;
			productType = "com.apple.product-type.application";
		};
/* End PBXNativeTarget section */

/* Begin PBXProject section */
		05EC012D2A4D8129008393DB /* Project object */ = {
			isa = PBXProject;
			attributes = {
				BuildIndependentTargetsInParallel = 1;
				LastSwiftUpdateCheck = 1320;
				LastUpgradeCheck = 1320;
				TargetAttributes = {
					05EC01342A4D8129008393DB = {
						CreatedOnToolsVersion = 13.2.1;
					};
				};
			};
			buildConfigurationList = 05EC01302A4D8129008393DB /* Build configuration list for PBXProject "FlyingShip" */;
			compatibilityVersion = "Xcode 13.0";
			developmentRegion = en;
			hasScannedForEncodings = 0;
			knownRegions = (
				en,
				Base,
			);
			mainGroup = 05EC012C2A4D8129008393DB;
			productRefGroup = 05EC01362A4D8129008393DB /* Products */;
			projectDirPath = "";
			projectRoot = "";
			targets = (
				05EC01342A4D8129008393DB /* FlyingShip */,
			);
		};
/* End PBXProject section */

/* Begin PBXResourcesBuildPhase section */
		05EC01332A4D8129008393DB /* Resources */ = {
			isa = PBXResourcesBuildPhase;
			buildActionMask = 2147483647;
			files = (
				05EC01442A4D8129008393DB /* Main.storyboard in Resources */,
				05EC013B2A4D8129008393DB /* GameScene.sks in Resources */,
				05EC01462A4D812C008393DB /* Assets.xcassets in Resources */,
				05EC01532A4D8527008393DB /* Images.xcassets in Resources */,
				05EC01492A4D812C008393DB /* LaunchScreen.storyboard in Resources */,
				05A009432A5C2D0C003EB4B4 /* Explosion.sks in Resources */,
				05A009442A5C2D0C003EB4B4 /* Assets.xcassets in Resources */,
				0561875B2A5D28A6004F3179 /* papercut.ttf in Resources */,
				05EC013D2A4D8129008393DB /* Actions.sks in Resources */,
				056187662A5D508F004F3179 /* pixelcyr_normal.ttf in Resources */,
			);
			runOnlyForDeploymentPostprocessing = 0;
		};
/* End PBXResourcesBuildPhase section */

/* Begin PBXShellScriptBuildPhase section */
		29EB44F98CF5359EDDEF6802 /* [CP] Embed Pods Frameworks */ = {
			isa = PBXShellScriptBuildPhase;
			buildActionMask = 2147483647;
			files = (
			);
			inputFileListPaths = (
				"${PODS_ROOT}/Target Support Files/Pods-FlyingShip/Pods-FlyingShip-frameworks-${CONFIGURATION}-input-files.xcfilelist",
			);
			name = "[CP] Embed Pods Frameworks";
			outputFileListPaths = (
				"${PODS_ROOT}/Target Support Files/Pods-FlyingShip/Pods-FlyingShip-frameworks-${CONFIGURATION}-output-files.xcfilelist",
			);
			runOnlyForDeploymentPostprocessing = 0;
			shellPath = /bin/sh;
			shellScript = "\"${PODS_ROOT}/Target Support Files/Pods-FlyingShip/Pods-FlyingShip-frameworks.sh\"\n";
			showEnvVarsInLog = 0;
		};
		E56E1E7C725E50211FF72223 /* [CP] Check Pods Manifest.lock */ = {
			isa = PBXShellScriptBuildPhase;
			buildActionMask = 2147483647;
			files = (
			);
			inputFileListPaths = (
			);
			inputPaths = (
				"${PODS_PODFILE_DIR_PATH}/Podfile.lock",
				"${PODS_ROOT}/Manifest.lock",
			);
			name = "[CP] Check Pods Manifest.lock";
			outputFileListPaths = (
			);
			outputPaths = (
				"$(DERIVED_FILE_DIR)/Pods-FlyingShip-checkManifestLockResult.txt",
			);
			runOnlyForDeploymentPostprocessing = 0;
			shellPath = /bin/sh;
			shellScript = "diff \"${PODS_PODFILE_DIR_PATH}/Podfile.lock\" \"${PODS_ROOT}/Manifest.lock\" > /dev/null\nif [ $? != 0 ] ; then\n    # print error to STDERR\n    echo \"error: The sandbox is not in sync with the Podfile.lock. Run 'pod install' or update your CocoaPods installation.\" >&2\n    exit 1\nfi\n# This output is used by Xcode 'outputs' to avoid re-running this script phase.\necho \"SUCCESS\" > \"${SCRIPT_OUTPUT_FILE_0}\"\n";
			showEnvVarsInLog = 0;
		};
/* End PBXShellScriptBuildPhase section */

/* Begin PBXSourcesBuildPhase section */
		05EC01312A4D8129008393DB /* Sources */ = {
			isa = PBXSourcesBuildPhase;
			buildActionMask = 2147483647;
			files = (
				056187582A5D23D7004F3179 /* LabelNode.swift in Sources */,
				05EC013F2A4D8129008393DB /* GameScene.swift in Sources */,
				056187562A5D1D62004F3179 /* Profile.swift in Sources */,
				05A0093A2A597E38003EB4B4 /* Enemy.swift in Sources */,
				056187542A5D1D1F004F3179 /* GameSettings.swift in Sources */,
				05A009402A5C26AB003EB4B4 /* PlayerRocket.swift in Sources */,
				05A0093C2A597F91003EB4B4 /* EnemyType.swift in Sources */,
				0561876E2A5D626B004F3179 /* AddVCViewModel.swift in Sources */,
				056187642A5D4097004F3179 /* EntranceTableViewCell.swift in Sources */,
				0561876C2A5D588D004F3179 /* AddVC.swift in Sources */,
				05EC01412A4D8129008393DB /* GameViewController.swift in Sources */,
				0561875E2A5D3975004F3179 /* EntranceVC.swift in Sources */,
				05A0093E2A598F0B003EB4B4 /* Player.swift in Sources */,
				05EC01392A4D8129008393DB /* AppDelegate.swift in Sources */,
				056187612A5D3EF9004F3179 /* EntranceViewModel.swift in Sources */,
				056187682A5D54BB004F3179 /* EntranceTableViewCellADD.swift in Sources */,
				05EC01512A4D8517008393DB /* Constants.swift in Sources */,
			);
			runOnlyForDeploymentPostprocessing = 0;
		};
/* End PBXSourcesBuildPhase section */

/* Begin PBXVariantGroup section */
		05EC01422A4D8129008393DB /* Main.storyboard */ = {
			isa = PBXVariantGroup;
			children = (
				05EC01432A4D8129008393DB /* Base */,
			);
			name = Main.storyboard;
			sourceTree = "<group>";
		};
		05EC01472A4D812C008393DB /* LaunchScreen.storyboard */ = {
			isa = PBXVariantGroup;
			children = (
				05EC01482A4D812C008393DB /* Base */,
			);
			name = LaunchScreen.storyboard;
			sourceTree = "<group>";
		};
/* End PBXVariantGroup section */

/* Begin XCBuildConfiguration section */
		05EC014A2A4D812C008393DB /* Debug */ = {
			isa = XCBuildConfiguration;
			buildSettings = {
				ALWAYS_SEARCH_USER_PATHS = NO;
				CLANG_ANALYZER_NONNULL = YES;
				CLANG_ANALYZER_NUMBER_OBJECT_CONVERSION = YES_AGGRESSIVE;
				CLANG_CXX_LANGUAGE_STANDARD = "gnu++17";
				CLANG_CXX_LIBRARY = "libc++";
				CLANG_ENABLE_MODULES = YES;
				CLANG_ENABLE_OBJC_ARC = YES;
				CLANG_ENABLE_OBJC_WEAK = YES;
				CLANG_WARN_BLOCK_CAPTURE_AUTORELEASING = YES;
				CLANG_WARN_BOOL_CONVERSION = YES;
				CLANG_WARN_COMMA = YES;
				CLANG_WARN_CONSTANT_CONVERSION = YES;
				CLANG_WARN_DEPRECATED_OBJC_IMPLEMENTATIONS = YES;
				CLANG_WARN_DIRECT_OBJC_ISA_USAGE = YES_ERROR;
				CLANG_WARN_DOCUMENTATION_COMMENTS = YES;
				CLANG_WARN_EMPTY_BODY = YES;
				CLANG_WARN_ENUM_CONVERSION = YES;
				CLANG_WARN_INFINITE_RECURSION = YES;
				CLANG_WARN_INT_CONVERSION = YES;
				CLANG_WARN_NON_LITERAL_NULL_CONVERSION = YES;
				CLANG_WARN_OBJC_IMPLICIT_RETAIN_SELF = YES;
				CLANG_WARN_OBJC_LITERAL_CONVERSION = YES;
				CLANG_WARN_OBJC_ROOT_CLASS = YES_ERROR;
				CLANG_WARN_QUOTED_INCLUDE_IN_FRAMEWORK_HEADER = YES;
				CLANG_WARN_RANGE_LOOP_ANALYSIS = YES;
				CLANG_WARN_STRICT_PROTOTYPES = YES;
				CLANG_WARN_SUSPICIOUS_MOVE = YES;
				CLANG_WARN_UNGUARDED_AVAILABILITY = YES_AGGRESSIVE;
				CLANG_WARN_UNREACHABLE_CODE = YES;
				CLANG_WARN__DUPLICATE_METHOD_MATCH = YES;
				COPY_PHASE_STRIP = NO;
				DEBUG_INFORMATION_FORMAT = dwarf;
				ENABLE_STRICT_OBJC_MSGSEND = YES;
				ENABLE_TESTABILITY = YES;
				GCC_C_LANGUAGE_STANDARD = gnu11;
				GCC_DYNAMIC_NO_PIC = NO;
				GCC_NO_COMMON_BLOCKS = YES;
				GCC_OPTIMIZATION_LEVEL = 0;
				GCC_PREPROCESSOR_DEFINITIONS = (
					"DEBUG=1",
					"$(inherited)",
				);
				GCC_WARN_64_TO_32_BIT_CONVERSION = YES;
				GCC_WARN_ABOUT_RETURN_TYPE = YES_ERROR;
				GCC_WARN_UNDECLARED_SELECTOR = YES;
				GCC_WARN_UNINITIALIZED_AUTOS = YES_AGGRESSIVE;
				GCC_WARN_UNUSED_FUNCTION = YES;
				GCC_WARN_UNUSED_VARIABLE = YES;
				IPHONEOS_DEPLOYMENT_TARGET = 15.2;
				MTL_ENABLE_DEBUG_INFO = INCLUDE_SOURCE;
				MTL_FAST_MATH = YES;
				ONLY_ACTIVE_ARCH = YES;
				SDKROOT = iphoneos;
				SWIFT_ACTIVE_COMPILATION_CONDITIONS = DEBUG;
				SWIFT_OPTIMIZATION_LEVEL = "-Onone";
			};
			name = Debug;
		};
		05EC014B2A4D812C008393DB /* Release */ = {
			isa = XCBuildConfiguration;
			buildSettings = {
				ALWAYS_SEARCH_USER_PATHS = NO;
				CLANG_ANALYZER_NONNULL = YES;
				CLANG_ANALYZER_NUMBER_OBJECT_CONVERSION = YES_AGGRESSIVE;
				CLANG_CXX_LANGUAGE_STANDARD = "gnu++17";
				CLANG_CXX_LIBRARY = "libc++";
				CLANG_ENABLE_MODULES = YES;
				CLANG_ENABLE_OBJC_ARC = YES;
				CLANG_ENABLE_OBJC_WEAK = YES;
				CLANG_WARN_BLOCK_CAPTURE_AUTORELEASING = YES;
				CLANG_WARN_BOOL_CONVERSION = YES;
				CLANG_WARN_COMMA = YES;
				CLANG_WARN_CONSTANT_CONVERSION = YES;
				CLANG_WARN_DEPRECATED_OBJC_IMPLEMENTATIONS = YES;
				CLANG_WARN_DIRECT_OBJC_ISA_USAGE = YES_ERROR;
				CLANG_WARN_DOCUMENTATION_COMMENTS = YES;
				CLANG_WARN_EMPTY_BODY = YES;
				CLANG_WARN_ENUM_CONVERSION = YES;
				CLANG_WARN_INFINITE_RECURSION = YES;
				CLANG_WARN_INT_CONVERSION = YES;
				CLANG_WARN_NON_LITERAL_NULL_CONVERSION = YES;
				CLANG_WARN_OBJC_IMPLICIT_RETAIN_SELF = YES;
				CLANG_WARN_OBJC_LITERAL_CONVERSION = YES;
				CLANG_WARN_OBJC_ROOT_CLASS = YES_ERROR;
				CLANG_WARN_QUOTED_INCLUDE_IN_FRAMEWORK_HEADER = YES;
				CLANG_WARN_RANGE_LOOP_ANALYSIS = YES;
				CLANG_WARN_STRICT_PROTOTYPES = YES;
				CLANG_WARN_SUSPICIOUS_MOVE = YES;
				CLANG_WARN_UNGUARDED_AVAILABILITY = YES_AGGRESSIVE;
				CLANG_WARN_UNREACHABLE_CODE = YES;
				CLANG_WARN__DUPLICATE_METHOD_MATCH = YES;
				COPY_PHASE_STRIP = NO;
				DEBUG_INFORMATION_FORMAT = "dwarf-with-dsym";
				ENABLE_NS_ASSERTIONS = NO;
				ENABLE_STRICT_OBJC_MSGSEND = YES;
				GCC_C_LANGUAGE_STANDARD = gnu11;
				GCC_NO_COMMON_BLOCKS = YES;
				GCC_WARN_64_TO_32_BIT_CONVERSION = YES;
				GCC_WARN_ABOUT_RETURN_TYPE = YES_ERROR;
				GCC_WARN_UNDECLARED_SELECTOR = YES;
				GCC_WARN_UNINITIALIZED_AUTOS = YES_AGGRESSIVE;
				GCC_WARN_UNUSED_FUNCTION = YES;
				GCC_WARN_UNUSED_VARIABLE = YES;
				IPHONEOS_DEPLOYMENT_TARGET = 15.2;
				MTL_ENABLE_DEBUG_INFO = NO;
				MTL_FAST_MATH = YES;
				SDKROOT = iphoneos;
				SWIFT_COMPILATION_MODE = wholemodule;
				SWIFT_OPTIMIZATION_LEVEL = "-O";
				VALIDATE_PRODUCT = YES;
			};
			name = Release;
		};
		05EC014D2A4D812C008393DB /* Debug */ = {
			isa = XCBuildConfiguration;
			baseConfigurationReference = 67F0E47F7B2850DFF8B0FAE7 /* Pods-FlyingShip.debug.xcconfig */;
			buildSettings = {
				ASSETCATALOG_COMPILER_APPICON_NAME = AppIcon;
				ASSETCATALOG_COMPILER_GLOBAL_ACCENT_COLOR_NAME = AccentColor;
				CODE_SIGN_STYLE = Automatic;
				CURRENT_PROJECT_VERSION = 1;
				DEVELOPMENT_TEAM = "";
				GENERATE_INFOPLIST_FILE = YES;
				INFOPLIST_FILE = FlyingShip/Info.plist;
				INFOPLIST_KEY_UIApplicationSupportsIndirectInputEvents = YES;
				INFOPLIST_KEY_UILaunchStoryboardName = LaunchScreen;
				INFOPLIST_KEY_UIMainStoryboardFile = Main;
				INFOPLIST_KEY_UIStatusBarHidden = YES;
				INFOPLIST_KEY_UISupportedInterfaceOrientations = UIInterfaceOrientationPortrait;
				INFOPLIST_KEY_UISupportedInterfaceOrientations_iPad = "UIInterfaceOrientationPortrait UIInterfaceOrientationPortraitUpsideDown UIInterfaceOrientationLandscapeLeft UIInterfaceOrientationLandscapeRight";
				INFOPLIST_KEY_UISupportedInterfaceOrientations_iPhone = "UIInterfaceOrientationPortrait UIInterfaceOrientationLandscapeLeft UIInterfaceOrientationLandscapeRight";
				LD_RUNPATH_SEARCH_PATHS = (
					"$(inherited)",
					"@executable_path/Frameworks",
				);
				MARKETING_VERSION = 1.0;
				PRODUCT_BUNDLE_IDENTIFIER = Nor1.FlyingShip;
				PRODUCT_NAME = "$(TARGET_NAME)";
				SWIFT_EMIT_LOC_STRINGS = YES;
				SWIFT_VERSION = 5.0;
				TARGETED_DEVICE_FAMILY = "1,2";
			};
			name = Debug;
		};
		05EC014E2A4D812C008393DB /* Release */ = {
			isa = XCBuildConfiguration;
			baseConfigurationReference = 17D3283BA192915E267B7E38 /* Pods-FlyingShip.release.xcconfig */;
			buildSettings = {
				ASSETCATALOG_COMPILER_APPICON_NAME = AppIcon;
				ASSETCATALOG_COMPILER_GLOBAL_ACCENT_COLOR_NAME = AccentColor;
				CODE_SIGN_STYLE = Automatic;
				CURRENT_PROJECT_VERSION = 1;
				DEVELOPMENT_TEAM = "";
				GENERATE_INFOPLIST_FILE = YES;
				INFOPLIST_FILE = FlyingShip/Info.plist;
				INFOPLIST_KEY_UIApplicationSupportsIndirectInputEvents = YES;
				INFOPLIST_KEY_UILaunchStoryboardName = LaunchScreen;
				INFOPLIST_KEY_UIMainStoryboardFile = Main;
				INFOPLIST_KEY_UIStatusBarHidden = YES;
				INFOPLIST_KEY_UISupportedInterfaceOrientations = UIInterfaceOrientationPortrait;
				INFOPLIST_KEY_UISupportedInterfaceOrientations_iPad = "UIInterfaceOrientationPortrait UIInterfaceOrientationPortraitUpsideDown UIInterfaceOrientationLandscapeLeft UIInterfaceOrientationLandscapeRight";
				INFOPLIST_KEY_UISupportedInterfaceOrientations_iPhone = "UIInterfaceOrientationPortrait UIInterfaceOrientationLandscapeLeft UIInterfaceOrientationLandscapeRight";
				LD_RUNPATH_SEARCH_PATHS = (
					"$(inherited)",
					"@executable_path/Frameworks",
				);
				MARKETING_VERSION = 1.0;
				PRODUCT_BUNDLE_IDENTIFIER = Nor1.FlyingShip;
				PRODUCT_NAME = "$(TARGET_NAME)";
				SWIFT_EMIT_LOC_STRINGS = YES;
				SWIFT_VERSION = 5.0;
				TARGETED_DEVICE_FAMILY = "1,2";
			};
			name = Release;
		};
/* End XCBuildConfiguration section */

/* Begin XCConfigurationList section */
		05EC01302A4D8129008393DB /* Build configuration list for PBXProject "FlyingShip" */ = {
			isa = XCConfigurationList;
			buildConfigurations = (
				05EC014A2A4D812C008393DB /* Debug */,
				05EC014B2A4D812C008393DB /* Release */,
			);
			defaultConfigurationIsVisible = 0;
			defaultConfigurationName = Release;
		};
		05EC014C2A4D812C008393DB /* Build configuration list for PBXNativeTarget "FlyingShip" */ = {
			isa = XCConfigurationList;
			buildConfigurations = (
				05EC014D2A4D812C008393DB /* Debug */,
				05EC014E2A4D812C008393DB /* Release */,
			);
			defaultConfigurationIsVisible = 0;
			defaultConfigurationName = Release;
		};
/* End XCConfigurationList section */
	};
	rootObject = 05EC012D2A4D8129008393DB /* Project object */;
}
